PackratFormat: 1.4
PackratVersion: 0.4.9.2
RVersion: 3.4.4
Repos: CRAN=http://cran.rstudio.com/,
    CRANextra=http://www.stats.ox.ac.uk/pub/RWin

Package: BH
Source: CRAN
Version: 1.66.0-1
Hash: 4cc8883584b955ed01f38f68bc03af6d

Package: DBI
Source: CRAN
Version: 1.0.0
Hash: 6abedd7919c4457604c0aa44529a6683

Package: NLP
Source: CRAN
Version: 0.1-11
Hash: fb5df0f46574cb600b9ea437b200450e

Package: R6
Source: CRAN
Version: 2.2.2
Hash: b2366cd9d2f3851a5704b4e192b985c2

Package: RColorBrewer
Source: CRAN
Version: 1.1-2
Hash: c0d56cd15034f395874c870141870c25

Package: RCurl
Source: CRAN
Version: 1.95-4.10
Hash: 06af5153f969a90c6cd6c87ee57baa44
Requires: bitops

Package: RSQLite
Source: CRAN
Version: 2.1.1
Hash: a5542b12f3e7e5aa0e16f390680d0cbc
Requires: BH, DBI, Rcpp, bit64, blob, memoise, pkgconfig, plogr

Package: Rcpp
Source: CRAN
Version: 0.12.16
Hash: 8cc9dc88c11acdcf8a6dec4a0f1500bc

Package: Rfacebook
Source: CRAN
Version: 0.6.15
Hash: 0c3f33184b66c0fc90558ee66269cabd
Requires: httpuv, httr, rjson

Package: XML
Source: CRAN
Version: 3.98-1.9
Hash: 02079c4025bbfa0f63400cc0bb414952

Package: assertthat
Source: CRAN
Version: 0.2.0
Hash: e8805df54c65ac96d50235c44a82615c

Package: backports
Source: CRAN
Version: 1.1.2
Hash: 5ae7b3466e529e4400951ca18c137e40

Package: base64enc
Source: CRAN
Version: 0.1-3
Hash: c590d29e555926af053055e23ee79efb

Package: bindr
Source: CRAN
Version: 0.1.1
Hash: 76578c5f543a6ecbc1365d6445f9ebf7

Package: bindrcpp
Source: CRAN
Version: 0.2.2
Hash: f97e97075970836f25b6cb53b3a52c4f
Requires: Rcpp, bindr, plogr

Package: bit
Source: CRAN
Version: 1.1-12
Hash: a4cdb11cf9fd6dd38f9f40c413b81e93

Package: bit64
Source: CRAN
Version: 0.9-7
Hash: 4b195615d19ba49c114eb04e09e30a96
Requires: bit

Package: bitops
Source: CRAN
Version: 1.0-6
Hash: 67d0775189fd0041d95abca618c5c07e

Package: blob
Source: CRAN
Version: 1.1.1
Hash: 532700d8073e660dce40a984900bc647
Requires: prettyunits

Package: callr
Source: CRAN
Version: 2.0.3
Hash: bca89a7eb170699bdbdbefd91ad6357d
Requires: R6, assertthat, crayon, debugme, testthat

Package: chron
Source: CRAN
Version: 2.3-51
Hash: 7f27e7c1f0599f0648a3f26b78895a97

Package: cli
Source: CRAN
Version: 1.0.0
Hash: f4239f89feb7ddc65821e4514e9734ae
Requires: assertthat, crayon

Package: clipr
Source: CRAN
Version: 0.4.0
Hash: 0d4860516c7e3120f8116a639b1ff553

Package: clisymbols
Source: CRAN
Version: 1.2.0
Hash: a76a309884277a4fd8a5d741965fbef5

Package: colorspace
Source: CRAN
Version: 1.3-2
Hash: 0bf8618b585fa98eb23414cd3ab95118

Package: crayon
Source: CRAN
Version: 1.3.4
Hash: ff2840dd9b0d563fc80377a5a45510cd

Package: curl
Source: CRAN
Version: 3.2
Hash: e3318ec2d42d15a38485bab047d114ba

Package: data.table
Source: CRAN
Version: 1.11.0
Hash: bf958acdee9f0f839d09bce176c30ee8

Package: debugme
Source: CRAN
Version: 1.1.0
Hash: c233690edd9fa17a63f7c8d83c1ca153
Requires: crayon

Package: desc
Source: CRAN
Version: 1.2.0
Hash: a1fd2baa29d4954951e3d1816deab6af
Requires: R6, assertthat, crayon, rprojroot

Package: devtools
Source: github
Version: 1.13.5.9000
Hash: 0de53ebf3655e01962adc00d9fe3a401
Requires: callr, cli, digest, git2r, httr, jsonlite, memoise, pkgbuild,
    pkgload, rcmdcheck, rstudioapi, sessioninfo, usethis, whisker,
    withr
GithubRepo: devtools
GithubUsername: r-lib
GithubRef: master
GithubSha1: 13ee56b9bb43dd2cb2e3b364bcba2c49ef350fac
RemoteHost: https://api.github.com
RemoteRepo: devtools
RemoteUsername: r-lib
RemoteSha: 13ee56b9bb43dd2cb2e3b364bcba2c49ef350fac

Package: dichromat
Source: CRAN
Version: 2.0-0
Hash: 08eed0c80510af29bb15f840ccfe37ce

Package: digest
Source: CRAN
Version: 0.6.15
Hash: 1f202ebd812ac7192be3739245746a13

Package: dplyr
Source: CRAN
Version: 0.7.4
Hash: cf677ec8dad7a45d1397dd7e72ef30c6
Requires: BH, R6, Rcpp, assertthat, bindrcpp, glue, magrittr,
    pkgconfig, plogr, rlang, tibble

Package: enc
Source: CRAN
Version: 0.2.0
Hash: d7625df773f4a18ffb69ed0961f720d7

Package: evaluate
Source: CRAN
Version: 0.10.1
Hash: 54d95f4ec6d0300100413ed0127d89ae
Requires: stringr

Package: gdata
Source: CRAN
Version: 2.18.0
Hash: 62797fafa287d1845a014c615d46e50c
Requires: gtools

Package: gender
Source: CRAN
Version: 0.5.2
Hash: ad6fc86705262be1d449a70eb8c8993d
Requires: dplyr, httr, jsonlite

Package: ggplot2
Source: CRAN
Version: 2.2.1
Hash: 46e5cb78836848aa44655e577433f54b
Requires: digest, gtable, lazyeval, plyr, reshape2, scales, tibble

Package: gh
Source: CRAN
Version: 1.0.1
Hash: 0fafa863f1a86a1f1966e5d5b46a48b5
Requires: httr, ini, jsonlite

Package: git2r
Source: github
Version: 0.21.0.9002
Hash: 4ef704d0fc5cf69c542258e4f0564ea3
GithubRepo: git2r
GithubUsername: ropensci
GithubRef: master
GithubSha1: 0eaa7fb31999a0f5fa5d24c4c8c07913127e7a41
RemoteHost: https://api.github.com
RemoteRepo: git2r
RemoteUsername: ropensci
RemoteSha: 0eaa7fb31999a0f5fa5d24c4c8c07913127e7a41

Package: glue
Source: CRAN
Version: 1.2.0
Hash: 381e42baedecc633c0e547a0c7ca9de7

Package: gridExtra
Source: CRAN
Version: 2.3
Hash: fa977bc1aab5588a08123b10ceb1ad3d
Requires: gtable

Package: gtable
Source: CRAN
Version: 0.2.0
Hash: cd78381a9d3fea966ac39bd0daaf5554

Package: gtools
Source: CRAN
Version: 3.5.0
Hash: 471b2e2452dfb30fdc1dd6f1b567925a

Package: hellno
Source: CRAN
Version: 0.0.1
Hash: 39fa431e2c599a27029309ca88d7ac7e

Package: highr
Source: CRAN
Version: 0.6
Hash: aa3d5b7912b5fed4b546ed5cd2a1760b

Package: htmltools
Source: CRAN
Version: 0.3.6
Hash: 358f767a496785afb8426c3abc8b6471
Requires: Rcpp, digest

Package: httpuv
Source: CRAN
Version: 1.4.2
Hash: f9f71142e70b9046e6e0926b0fb8945c
Requires: BH, Rcpp, later, promises

Package: httr
Source: CRAN
Version: 1.3.1
Hash: 2d32e01e53d532c812052e27a1021441
Requires: R6, curl, jsonlite, mime, openssl

Package: igraph
Source: CRAN
Version: 1.2.1
Hash: a979d42385efda8e8aca7882a296ab50
Requires: magrittr, pkgconfig

Package: ini
Source: CRAN
Version: 0.3.0
Hash: 6f838ce34ea57d28eaf08709680a5501

Package: jsonlite
Source: CRAN
Version: 1.5
Hash: 9c51936d8dd00b2f1d4fe9d10499694c

Package: knitr
Source: CRAN
Version: 1.20
Hash: 9c6b215d1d02b97586c8232e94533e6a
Requires: evaluate, highr, markdown, stringr, yaml

Package: labeling
Source: CRAN
Version: 0.3
Hash: ecf589b42cd284b03a4beb9665482d3e

Package: later
Source: CRAN
Version: 0.7.2
Hash: 312ca7df4ef3536038ab87dcefe33fd7
Requires: BH, Rcpp, rlang

Package: lazyeval
Source: CRAN
Version: 0.2.1
Hash: 88926ad9c43581fd0822a37c8ed09f05

Package: lubridate
Source: CRAN
Version: 1.7.4
Hash: eba8a5960185ac1f7eb8ce1abd1a745b
Requires: Rcpp, stringr

Package: magrittr
Source: CRAN
Version: 1.5
Hash: bdc4d48c3135e8f3b399536ddf160df4

Package: markdown
Source: CRAN
Version: 0.8
Hash: 045d7c594d503b41f1c28946d076c8aa
Requires: mime

Package: memoise
Source: CRAN
Version: 1.1.0
Hash: 410fcd334bc626db100237cc1370f2e9
Requires: digest

Package: mime
Source: CRAN
Version: 0.5
Hash: 463550cf44fb6f0a2359368f42eebe62

Package: munsell
Source: CRAN
Version: 0.4.3
Hash: f96d896947fcaf9b6d0074002e9f4f9d
Requires: colorspace

Package: openNLP
Source: CRAN
Version: 0.2-6
Hash: 26bd7d4fe539ee035a6450a423d53e0b
Requires: NLP, openNLPdata, rJava

Package: openNLPdata
Source: CRAN
Version: 1.5.3-4
Hash: 9250020f52bcc42d1246bcc934f8cc0e
Requires: rJava

Package: openssl
Source: CRAN
Version: 1.0.1
Hash: e04b8ed7b05c1f75aa81c65a086b1d0c

Package: packrat
Source: github
Version: 0.4.9-2
Hash: c73cc03ba66369a5791221307ff811c6
GithubRepo: packrat
GithubUsername: rstudio
GithubRef: master
GithubSha1: f18e2607af2935508d7f04ac91d96b5f3bfe09ae
RemoteHost: https://api.github.com
RemoteRepo: packrat
RemoteUsername: rstudio
RemoteSha: f18e2607af2935508d7f04ac91d96b5f3bfe09ae

Package: pillar
Source: CRAN
Version: 1.2.2
Hash: 9c4da206e8c0b21a14667c1baf69ee52
Requires: cli, crayon, rlang, utf8

Package: pkgbuild
Source: github
Version: 1.0.0
Hash: af44410dcd9ddffea1aa42c8726330cf
Requires: R6, callr, crayon, desc, rprojroot, withr
GithubRepo: pkgbuild
GithubUsername: r-lib
GithubRef: master
GithubSha1: 4ee12afc1e38f2aa36947036f01297ca3e4148cd
RemoteHost: https://api.github.com
RemoteRepo: pkgbuild
RemoteUsername: r-lib
RemoteSha: 4ee12afc1e38f2aa36947036f01297ca3e4148cd

Package: pkgconfig
Source: CRAN
Version: 2.0.1
Hash: 0dda4a2654a22b36a715c2b0b6fbacac

Package: pkgload
Source: github
Version: 1.0.0
Hash: bdf10d32815dd7b4afbcc505444e0faa
Requires: desc, pkgbuild, rlang, rprojroot, rstudioapi, withr
GithubRepo: pkgload
GithubUsername: r-lib
GithubRef: master
GithubSha1: 35efedd287f1beddf9c6f7ca931e820313490b6b
RemoteHost: https://api.github.com
RemoteRepo: pkgload
RemoteUsername: r-lib
RemoteSha: 35efedd287f1beddf9c6f7ca931e820313490b6b

Package: plogr
Source: CRAN
Version: 0.2.0
Hash: 81a8008a5e7858552503935f1abe48aa

Package: plotrix
Source: CRAN
Version: 3.6-6
Hash: c555fd387a706d22d164ab69f501deb7

Package: plyr
Source: CRAN
Version: 1.8.4
Hash: 2d09eea8a6bcac8e61b6a8728917b877
Requires: Rcpp

Package: praise
Source: CRAN
Version: 1.0.0
Hash: 77da8f1df873a4b91e5c4a68fe2fb1b6

Package: prettyunits
Source: CRAN
Version: 1.0.2
Hash: 49286102a855640daaa38eafe8b1ec30
Requires: assertthat, magrittr

Package: promises
Source: CRAN
Version: 1.0.1
Hash: 1da7acbbc5a36e97d715bf15e72894cd
Requires: R6, Rcpp, later, magrittr, rlang

Package: purrr
Source: CRAN
Version: 0.2.4
Hash: a80b244ccd3fdb33a0ff2be3c50dd648
Requires: magrittr, rlang, tibble

Package: qdap
Source: CRAN
Version: 2.2.9
Hash: fc2f3bf33a7f3615db97110656cb6cf6
Requires: NLP, RColorBrewer, RCurl, XML, chron, dplyr, gdata, gender,
    ggplot2, gridExtra, igraph, openNLP, plotrix, qdapDictionaries,
    qdapRegex, qdapTools, reports, reshape2, scales, stringdist, tidyr,
    tm, venneuler, wordcloud, xlsx

Package: qdapDictionaries
Source: CRAN
Version: 1.0.7
Hash: a1272fcb7f9b7a595da1d2eb786c7223

Package: qdapRegex
Source: CRAN
Version: 0.7.2
Hash: bc465645170040f6e65255ed136afa0f
Requires: stringi

Package: qdapTools
Source: github
Version: 1.3.4
Hash: 1a09a7c9dc02209e8e22375d16b5e494
Requires: RCurl, XML, chron, data.table
GithubRepo: qdapTools
GithubUsername: trinker
GithubRef: master
GithubSha1: 34cc3f26295b968550553fd26d74bfd970457796
RemoteHost: https://api.github.com
RemoteRepo: qdapTools
RemoteUsername: trinker
RemoteSha: 34cc3f26295b968550553fd26d74bfd970457796

Package: rJava
Source: CRAN
Version: 0.9-9
Hash: ebf54080d6f36f3814cce27e5325d4e3

Package: rcmdcheck
Source: github
Version: 1.2.1.9005
Hash: a3b1a5a9401e51a8a7e3b52d112f388d
Requires: R6, callr, clisymbols, crayon, desc, digest, prettyunits,
    rprojroot, withr
GithubRepo: rcmdcheck
GithubUsername: r-lib
GithubRef: master
GithubSha1: ad42561aa6e06297367455546b6312dcf59282b6
RemoteHost: https://api.github.com
RemoteRepo: rcmdcheck
RemoteUsername: r-lib
RemoteSha: ad42561aa6e06297367455546b6312dcf59282b6

Package: rematch2
Source: CRAN
Version: 2.0.1
Hash: b7f86a340a404c69cfb770dfd2081dd9
Requires: tibble

Package: reports
Source: CRAN
Version: 0.1.4
Hash: 7486fd9d899435de7925164481bf6763

Package: reshape2
Source: CRAN
Version: 1.4.2
Hash: 5f3a594059f93af8321a21df1174a429
Requires: Rcpp, plyr, stringr

Package: rjson
Source: CRAN
Version: 0.2.18
Hash: 4d1b5602d8047ee9314c4ffbef3ab782

Package: rlang
Source: CRAN
Version: 0.2.0
Hash: 647e2e50a72557d1a770dcd6701e562b

Package: rmarkdown
Source: CRAN
Version: 1.9
Hash: ab7f84e6f41ed8d8e8b9a2031cf631f8
Requires: base64enc, evaluate, htmltools, jsonlite, knitr, mime,
    rprojroot, stringr, yaml

Package: rprojroot
Source: CRAN
Version: 1.3-2
Hash: a25c3f70c166fb3fbabc410eb32b6366
Requires: backports

Package: rstudioapi
Source: CRAN
Version: 0.7
Hash: e2ebaff8160aff3e6b32e6e78a693c2d

Package: rvest
Source: CRAN
Version: 0.3.2
Hash: c69f7526520bad66fd2111ebe8b1364b
Requires: httr, magrittr, selectr, xml2

Package: scales
Source: CRAN
Version: 0.5.0
Hash: de72bbfa723acfaa28bb99788a303987
Requires: R6, RColorBrewer, Rcpp, dichromat, labeling, munsell, plyr,
    viridisLite

Package: selectr
Source: CRAN
Version: 0.3-1
Hash: 367275e3dcdd208339e131c7a41bec56
Requires: stringr

Package: sessioninfo
Source: CRAN
Version: 1.0.0
Hash: 476aebe8359d1cbd68169a2f28f2fb7d
Requires: clisymbols, withr

Package: slam
Source: CRAN
Version: 0.1-43
Hash: 2ddf8221c57013af684eca323f761826

Package: stringdist
Source: CRAN
Version: 0.9.4.7
Hash: 60c4897bf879e8c02a538f1e4655f498

Package: stringi
Source: CRAN
Version: 1.1.7
Hash: d3dbb18da9a7b73a5b59416e33ad2cbd

Package: stringr
Source: CRAN
Version: 1.3.0
Hash: b2801fdc391caef2335dbdb1064836bb
Requires: glue, magrittr, stringi

Package: styler
Source: CRAN
Version: 1.0.1
Hash: 89c57fae74273b6cca937fcdf675d181
Requires: backports, cli, enc, magrittr, purrr, rematch2, rlang,
    rprojroot, tibble, withr

Package: testthat
Source: CRAN
Version: 2.0.0
Hash: 537114b476376c5773bf3c557f5bbd19
Requires: R6, cli, crayon, digest, magrittr, praise, rlang, withr

Package: tibble
Source: CRAN
Version: 1.4.2
Hash: 83895360ce4f8d2ce92eee00526b5b0b
Requires: cli, crayon, pillar, rlang

Package: tidyr
Source: CRAN
Version: 0.8.0
Hash: 99a48e0cc96c0f0d673d4ef47260b089
Requires: Rcpp, dplyr, glue, magrittr, purrr, rlang, stringi, tibble,
    tidyselect

Package: tidyselect
Source: CRAN
Version: 0.2.4
Hash: 9d6ecd816c267bb44b1a29481841e344
Requires: Rcpp, glue, purrr, rlang

Package: tm
Source: CRAN
Version: 0.7-3
Hash: eef7ef910155a61e1d565509e09393c1
Requires: BH, NLP, Rcpp, slam, xml2

Package: twitteR
Source: CRAN
Version: 1.1.9
Hash: 494835cf1d1ed474231ad11a7dde1adb
Requires: DBI, bit64, httr, rjson

Package: usethis
Source: CRAN
Version: 1.3.0
Hash: 91407f448e75666aea363c9bc743ed72
Requires: backports, clipr, clisymbols, crayon, curl, desc, gh, git2r,
    httr, rematch2, rmarkdown, rprojroot, rstudioapi, styler, whisker

Package: utf8
Source: CRAN
Version: 1.1.3
Hash: a2fe6a996668ee5850b7719f365e831b

Package: venneuler
Source: CRAN
Version: 1.1-0
Hash: c1a4fa76085e34423345a09241b2df03
Requires: rJava

Package: viridisLite
Source: CRAN
Version: 0.2.0
Hash: 10f0c25af3dc84eaae10f5854f47efdb

Package: webreport
Source: github
Version: 0.1.2
Hash: 9b08fc98689f3b53269e2c0f8bf3bcd2
Requires: RColorBrewer, RSQLite, Rfacebook, dplyr, ggplot2, hellno,
    knitr, lubridate, qdap, rmarkdown, rvest, slam, stringr, tm,
    twitteR, wordcloud, xml2
GithubRepo: webreport
GithubUsername: NESREA
GithubRef: master
GithubSha1: b479232e51cf25ad90acac0339ea581d2c180537
RemoteHost: https://api.github.com
RemoteRepo: webreport
RemoteUsername: NESREA
RemoteSha: b479232e51cf25ad90acac0339ea581d2c180537

Package: whisker
Source: CRAN
Version: 0.3-2
Hash: 803d662762e532705c2c066a82d066e7

Package: withr
Source: CRAN
Version: 2.1.2
Hash: d534108bcd5f34ec73e9eb523751ba20

Package: wordcloud
Source: CRAN
Version: 2.5
Hash: 3e886d6e492819e520a2abc6e269f094
Requires: RColorBrewer, Rcpp, slam

Package: xlsx
Source: CRAN
Version: 0.5.7
Hash: 6acda2cf5190bf93d0b24c5a40b564cf
Requires: rJava, xlsxjars

Package: xlsxjars
Source: CRAN
Version: 0.6.1
Hash: 3902149dad80bcb14fcd88d8c7fd7f3b
Requires: rJava

Package: xml2
Source: CRAN
Version: 1.2.0
Hash: 24c1c4ee4b654065c8db42d36a6785a8
Requires: Rcpp

Package: yaml
Source: CRAN
Version: 2.1.14
Hash: c81230c3a7d9ba20607ad6b4331173d1
